// !$*UTF8*$!
{
	archiveVersion = 1;
	classes = {
	};
	objectVersion = 50;
	objects = {

/* Begin PBXBuildFile section */
		2009AE05DA03F3A1C0D24B7A /* libPods-ExTensionDemo.a in Frameworks */ = {isa = PBXBuildFile; fileRef = F1C41FD740307CA8DCDF758E /* libPods-ExTensionDemo.a */; };
		2B5C94CF222393E900508F4A /* AppDelegate.m in Sources */ = {isa = PBXBuildFile; fileRef = 2B5C94CE222393E900508F4A /* AppDelegate.m */; };
		2B5C94D5222393E900508F4A /* Main.storyboard in Resources */ = {isa = PBXBuildFile; fileRef = 2B5C94D3222393E900508F4A /* Main.storyboard */; };
		2B5C94D7222393EB00508F4A /* Assets.xcassets in Resources */ = {isa = PBXBuildFile; fileRef = 2B5C94D6222393EB00508F4A /* Assets.xcassets */; };
		2B5C94DA222393EB00508F4A /* LaunchScreen.storyboard in Resources */ = {isa = PBXBuildFile; fileRef = 2B5C94D8222393EB00508F4A /* LaunchScreen.storyboard */; };
		2B5C94DD222393EB00508F4A /* main.m in Sources */ = {isa = PBXBuildFile; fileRef = 2B5C94DC222393EB00508F4A /* main.m */; };
		2B5C94E7222393EB00508F4A /* ExTensionDemoTests.m in Sources */ = {isa = PBXBuildFile; fileRef = 2B5C94E6222393EB00508F4A /* ExTensionDemoTests.m */; };
		2B5C94F2222393EB00508F4A /* ExTensionDemoUITests.m in Sources */ = {isa = PBXBuildFile; fileRef = 2B5C94F1222393EB00508F4A /* ExTensionDemoUITests.m */; };
		2B5C95012223B5E700508F4A /* GYFMDBManager.m in Sources */ = {isa = PBXBuildFile; fileRef = 2B5C95002223B5E700508F4A /* GYFMDBManager.m */; };
		2B5C95042223C28800508F4A /* TableViewController.m in Sources */ = {isa = PBXBuildFile; fileRef = 2B5C95032223C28800508F4A /* TableViewController.m */; };
		2B5C95072223C63400508F4A /* RootNavigationController.m in Sources */ = {isa = PBXBuildFile; fileRef = 2B5C95062223C63400508F4A /* RootNavigationController.m */; };
		2BB240002223D7C700F0C106 /* libsqlite3.0.tbd in Frameworks */ = {isa = PBXBuildFile; fileRef = 2BB23FFF2223D7C600F0C106 /* libsqlite3.0.tbd */; };
		2BB240042223D88B00F0C106 /* GYTodo.m in Sources */ = {isa = PBXBuildFile; fileRef = 2BB240032223D88B00F0C106 /* GYTodo.m */; };
		78F43D94506ADC91198906AF /* libPods-ExTensionDemoTests.a in Frameworks */ = {isa = PBXBuildFile; fileRef = 55060C7369B97368F38DFB22 /* libPods-ExTensionDemoTests.a */; };
/* End PBXBuildFile section */

/* Begin PBXContainerItemProxy section */
		2B5C94E3222393EB00508F4A /* PBXContainerItemProxy */ = {
			isa = PBXContainerItemProxy;
			containerPortal = 2B5C94C2222393E900508F4A /* Project object */;
			proxyType = 1;
			remoteGlobalIDString = 2B5C94C9222393E900508F4A;
			remoteInfo = ExTensionDemo;
		};
		2B5C94EE222393EB00508F4A /* PBXContainerItemProxy */ = {
			isa = PBXContainerItemProxy;
			containerPortal = 2B5C94C2222393E900508F4A /* Project object */;
			proxyType = 1;
			remoteGlobalIDString = 2B5C94C9222393E900508F4A;
			remoteInfo = ExTensionDemo;
		};
/* End PBXContainerItemProxy section */

/* Begin PBXFileReference section */
		2B5C94CA222393E900508F4A /* ExTensionDemo.app */ = {isa = PBXFileReference; explicitFileType = wrapper.application; includeInIndex = 0; path = ExTensionDemo.app; sourceTree = BUILT_PRODUCTS_DIR; };
		2B5C94CD222393E900508F4A /* AppDelegate.h */ = {isa = PBXFileReference; lastKnownFileType = sourcecode.c.h; path = AppDelegate.h; sourceTree = "<group>"; };
		2B5C94CE222393E900508F4A /* AppDelegate.m */ = {isa = PBXFileReference; lastKnownFileType = sourcecode.c.objc; path = AppDelegate.m; sourceTree = "<group>"; };
		2B5C94D4222393E900508F4A /* Base */ = {isa = PBXFileReference; lastKnownFileType = file.storyboard; name = Base; path = Base.lproj/Main.storyboard; sourceTree = "<group>"; };
		2B5C94D6222393EB00508F4A /* Assets.xcassets */ = {isa = PBXFileReference; lastKnownFileType = folder.assetcatalog; path = Assets.xcassets; sourceTree = "<group>"; };
		2B5C94D9222393EB00508F4A /* Base */ = {isa = PBXFileReference; lastKnownFileType = file.storyboard; name = Base; path = Base.lproj/LaunchScreen.storyboard; sourceTree = "<group>"; };
		2B5C94DB222393EB00508F4A /* Info.plist */ = {isa = PBXFileReference; lastKnownFileType = text.plist.xml; path = Info.plist; sourceTree = "<group>"; };
		2B5C94DC222393EB00508F4A /* main.m */ = {isa = PBXFileReference; lastKnownFileType = sourcecode.c.objc; path = main.m; sourceTree = "<group>"; };
		2B5C94E2222393EB00508F4A /* ExTensionDemoTests.xctest */ = {isa = PBXFileReference; explicitFileType = wrapper.cfbundle; includeInIndex = 0; path = ExTensionDemoTests.xctest; sourceTree = BUILT_PRODUCTS_DIR; };
		2B5C94E6222393EB00508F4A /* ExTensionDemoTests.m */ = {isa = PBXFileReference; lastKnownFileType = sourcecode.c.objc; path = ExTensionDemoTests.m; sourceTree = "<group>"; };
		2B5C94E8222393EB00508F4A /* Info.plist */ = {isa = PBXFileReference; lastKnownFileType = text.plist.xml; path = Info.plist; sourceTree = "<group>"; };
		2B5C94ED222393EB00508F4A /* ExTensionDemoUITests.xctest */ = {isa = PBXFileReference; explicitFileType = wrapper.cfbundle; includeInIndex = 0; path = ExTensionDemoUITests.xctest; sourceTree = BUILT_PRODUCTS_DIR; };
		2B5C94F1222393EB00508F4A /* ExTensionDemoUITests.m */ = {isa = PBXFileReference; lastKnownFileType = sourcecode.c.objc; path = ExTensionDemoUITests.m; sourceTree = "<group>"; };
		2B5C94F3222393EB00508F4A /* Info.plist */ = {isa = PBXFileReference; lastKnownFileType = text.plist.xml; path = Info.plist; sourceTree = "<group>"; };
		2B5C94FF2223B5E700508F4A /* GYFMDBManager.h */ = {isa = PBXFileReference; lastKnownFileType = sourcecode.c.h; path = GYFMDBManager.h; sourceTree = "<group>"; };
		2B5C95002223B5E700508F4A /* GYFMDBManager.m */ = {isa = PBXFileReference; lastKnownFileType = sourcecode.c.objc; path = GYFMDBManager.m; sourceTree = "<group>"; };
		2B5C95022223C28800508F4A /* TableViewController.h */ = {isa = PBXFileReference; lastKnownFileType = sourcecode.c.h; path = TableViewController.h; sourceTree = "<group>"; };
		2B5C95032223C28800508F4A /* TableViewController.m */ = {isa = PBXFileReference; lastKnownFileType = sourcecode.c.objc; path = TableViewController.m; sourceTree = "<group>"; };
		2B5C95052223C63400508F4A /* RootNavigationController.h */ = {isa = PBXFileReference; lastKnownFileType = sourcecode.c.h; path = RootNavigationController.h; sourceTree = "<group>"; };
		2B5C95062223C63400508F4A /* RootNavigationController.m */ = {isa = PBXFileReference; lastKnownFileType = sourcecode.c.objc; path = RootNavigationController.m; sourceTree = "<group>"; };
		2BB23FFF2223D7C600F0C106 /* libsqlite3.0.tbd */ = {isa = PBXFileReference; lastKnownFileType = "sourcecode.text-based-dylib-definition"; name = libsqlite3.0.tbd; path = usr/lib/libsqlite3.0.tbd; sourceTree = SDKROOT; };
		2BB240012223D7CE00F0C106 /* ExTensionDemo.entitlements */ = {isa = PBXFileReference; lastKnownFileType = text.plist.entitlements; path = ExTensionDemo.entitlements; sourceTree = "<group>"; };
		2BB240022223D88B00F0C106 /* GYTodo.h */ = {isa = PBXFileReference; lastKnownFileType = sourcecode.c.h; path = GYTodo.h; sourceTree = "<group>"; };
		2BB240032223D88B00F0C106 /* GYTodo.m */ = {isa = PBXFileReference; lastKnownFileType = sourcecode.c.objc; path = GYTodo.m; sourceTree = "<group>"; };
		2BB240082224CE7300F0C106 /* GYFMDB.h */ = {isa = PBXFileReference; lastKnownFileType = sourcecode.c.h; path = GYFMDB.h; sourceTree = "<group>"; };
		55060C7369B97368F38DFB22 /* libPods-ExTensionDemoTests.a */ = {isa = PBXFileReference; explicitFileType = archive.ar; includeInIndex = 0; path = "libPods-ExTensionDemoTests.a"; sourceTree = BUILT_PRODUCTS_DIR; };
		70EE62E3E30AF3A716329137 /* Pods-ExTensionDemo.release.xcconfig */ = {isa = PBXFileReference; includeInIndex = 1; lastKnownFileType = text.xcconfig; name = "Pods-ExTensionDemo.release.xcconfig"; path = "Pods/Target Support Files/Pods-ExTensionDemo/Pods-ExTensionDemo.release.xcconfig"; sourceTree = "<group>"; };
		7B61F744FAA9A048F66CC694 /* Pods-ExTensionDemoTests.release.xcconfig */ = {isa = PBXFileReference; includeInIndex = 1; lastKnownFileType = text.xcconfig; name = "Pods-ExTensionDemoTests.release.xcconfig"; path = "Pods/Target Support Files/Pods-ExTensionDemoTests/Pods-ExTensionDemoTests.release.xcconfig"; sourceTree = "<group>"; };
		C0B5EFA5407D4CECA3AF47A9 /* Pods-ExTensionDemoTests.debug.xcconfig */ = {isa = PBXFileReference; includeInIndex = 1; lastKnownFileType = text.xcconfig; name = "Pods-ExTensionDemoTests.debug.xcconfig"; path = "Pods/Target Support Files/Pods-ExTensionDemoTests/Pods-ExTensionDemoTests.debug.xcconfig"; sourceTree = "<group>"; };
		EE7A67E71420CC3B91462976 /* Pods-ExTensionDemo.debug.xcconfig */ = {isa = PBXFileReference; includeInIndex = 1; lastKnownFileType = text.xcconfig; name = "Pods-ExTensionDemo.debug.xcconfig"; path = "Pods/Target Support Files/Pods-ExTensionDemo/Pods-ExTensionDemo.debug.xcconfig"; sourceTree = "<group>"; };
		F1C41FD740307CA8DCDF758E /* libPods-ExTensionDemo.a */ = {isa = PBXFileReference; explicitFileType = archive.ar; includeInIndex = 0; path = "libPods-ExTensionDemo.a"; sourceTree = BUILT_PRODUCTS_DIR; };
/* End PBXFileReference section */

/* Begin PBXFrameworksBuildPhase section */
		2B5C94C7222393E900508F4A /* Frameworks */ = {
			isa = PBXFrameworksBuildPhase;
			buildActionMask = 2147483647;
			files = (
				2BB240002223D7C700F0C106 /* libsqlite3.0.tbd in Frameworks */,
				2009AE05DA03F3A1C0D24B7A /* libPods-ExTensionDemo.a in Frameworks */,
			);
			runOnlyForDeploymentPostprocessing = 0;
		};
		2B5C94DF222393EB00508F4A /* Frameworks */ = {
			isa = PBXFrameworksBuildPhase;
			buildActionMask = 2147483647;
			files = (
				78F43D94506ADC91198906AF /* libPods-ExTensionDemoTests.a in Frameworks */,
			);
			runOnlyForDeploymentPostprocessing = 0;
		};
		2B5C94EA222393EB00508F4A /* Frameworks */ = {
			isa = PBXFrameworksBuildPhase;
			buildActionMask = 2147483647;
			files = (
			);
			runOnlyForDeploymentPostprocessing = 0;
		};
/* End PBXFrameworksBuildPhase section */

/* Begin PBXGroup section */
		2B5C94C1222393E900508F4A = {
			isa = PBXGroup;
			children = (
				2B5C94CC222393E900508F4A /* ExTensionDemo */,
				2B5C94E5222393EB00508F4A /* ExTensionDemoTests */,
				2B5C94F0222393EB00508F4A /* ExTensionDemoUITests */,
				2B5C94CB222393E900508F4A /* Products */,
				A178BD73EEFF2C558657DFBE /* Pods */,
				E71C43ACF9D5D3E725E91357 /* Frameworks */,
			);
			sourceTree = "<group>";
		};
		2B5C94CB222393E900508F4A /* Products */ = {
			isa = PBXGroup;
			children = (
				2B5C94CA222393E900508F4A /* ExTensionDemo.app */,
				2B5C94E2222393EB00508F4A /* ExTensionDemoTests.xctest */,
				2B5C94ED222393EB00508F4A /* ExTensionDemoUITests.xctest */,
			);
			name = Products;
			sourceTree = "<group>";
		};
		2B5C94CC222393E900508F4A /* ExTensionDemo */ = {
			isa = PBXGroup;
			children = (
				2BB240052224CD1600F0C106 /* GYFMDBManager */,
				2BB240012223D7CE00F0C106 /* ExTensionDemo.entitlements */,
				2B5C94D6222393EB00508F4A /* Assets.xcassets */,
				2B5C94D8222393EB00508F4A /* LaunchScreen.storyboard */,
				2B5C94DB222393EB00508F4A /* Info.plist */,
				2B5C94D3222393E900508F4A /* Main.storyboard */,
				2B5C94DC222393EB00508F4A /* main.m */,
				2B5C94CD222393E900508F4A /* AppDelegate.h */,
				2B5C94CE222393E900508F4A /* AppDelegate.m */,
				2B5C95052223C63400508F4A /* RootNavigationController.h */,
				2B5C95062223C63400508F4A /* RootNavigationController.m */,
				2B5C95022223C28800508F4A /* TableViewController.h */,
				2B5C95032223C28800508F4A /* TableViewController.m */,
				2BB240022223D88B00F0C106 /* GYTodo.h */,
				2BB240032223D88B00F0C106 /* GYTodo.m */,
			);
			path = ExTensionDemo;
			sourceTree = "<group>";
		};
		2B5C94E5222393EB00508F4A /* ExTensionDemoTests */ = {
			isa = PBXGroup;
			children = (
				2B5C94E6222393EB00508F4A /* ExTensionDemoTests.m */,
				2B5C94E8222393EB00508F4A /* Info.plist */,
			);
			path = ExTensionDemoTests;
			sourceTree = "<group>";
		};
		2B5C94F0222393EB00508F4A /* ExTensionDemoUITests */ = {
			isa = PBXGroup;
			children = (
				2B5C94F1222393EB00508F4A /* ExTensionDemoUITests.m */,
				2B5C94F3222393EB00508F4A /* Info.plist */,
			);
			path = ExTensionDemoUITests;
			sourceTree = "<group>";
		};
		2BB240052224CD1600F0C106 /* GYFMDBManager */ = {
			isa = PBXGroup;
			children = (
				2B5C94FF2223B5E700508F4A /* GYFMDBManager.h */,
				2B5C95002223B5E700508F4A /* GYFMDBManager.m */,
				2BB240082224CE7300F0C106 /* GYFMDB.h */,
			);
			path = GYFMDBManager;
			sourceTree = "<group>";
		};
		A178BD73EEFF2C558657DFBE /* Pods */ = {
			isa = PBXGroup;
			children = (
				EE7A67E71420CC3B91462976 /* Pods-ExTensionDemo.debug.xcconfig */,
				70EE62E3E30AF3A716329137 /* Pods-ExTensionDemo.release.xcconfig */,
				C0B5EFA5407D4CECA3AF47A9 /* Pods-ExTensionDemoTests.debug.xcconfig */,
				7B61F744FAA9A048F66CC694 /* Pods-ExTensionDemoTests.release.xcconfig */,
			);
			name = Pods;
			sourceTree = "<group>";
		};
		E71C43ACF9D5D3E725E91357 /* Frameworks */ = {
			isa = PBXGroup;
			children = (
				2BB23FFF2223D7C600F0C106 /* libsqlite3.0.tbd */,
				F1C41FD740307CA8DCDF758E /* libPods-ExTensionDemo.a */,
				55060C7369B97368F38DFB22 /* libPods-ExTensionDemoTests.a */,
			);
			name = Frameworks;
			sourceTree = "<group>";
		};
/* End PBXGroup section */

/* Begin PBXNativeTarget section */
		2B5C94C9222393E900508F4A /* ExTensionDemo */ = {
			isa = PBXNativeTarget;
			buildConfigurationList = 2B5C94F6222393EB00508F4A /* Build configuration list for PBXNativeTarget "ExTensionDemo" */;
			buildPhases = (
				36B0ADB473F730A031373A75 /* [CP] Check Pods Manifest.lock */,
				2B5C94C6222393E900508F4A /* Sources */,
				2B5C94C7222393E900508F4A /* Frameworks */,
				2B5C94C8222393E900508F4A /* Resources */,
			);
			buildRules = (
			);
			dependencies = (
			);
			name = ExTensionDemo;
			productName = ExTensionDemo;
			productReference = 2B5C94CA222393E900508F4A /* ExTensionDemo.app */;
			productType = "com.apple.product-type.application";
		};
		2B5C94E1222393EB00508F4A /* ExTensionDemoTests */ = {
			isa = PBXNativeTarget;
			buildConfigurationList = 2B5C94F9222393EB00508F4A /* Build configuration list for PBXNativeTarget "ExTensionDemoTests" */;
			buildPhases = (
				0DBB07F6C42DFC3D0F3579D1 /* [CP] Check Pods Manifest.lock */,
				2B5C94DE222393EB00508F4A /* Sources */,
				2B5C94DF222393EB00508F4A /* Frameworks */,
				2B5C94E0222393EB00508F4A /* Resources */,
			);
			buildRules = (
			);
			dependencies = (
				2B5C94E4222393EB00508F4A /* PBXTargetDependency */,
			);
			name = ExTensionDemoTests;
			productName = ExTensionDemoTests;
			productReference = 2B5C94E2222393EB00508F4A /* ExTensionDemoTests.xctest */;
			productType = "com.apple.product-type.bundle.unit-test";
		};
		2B5C94EC222393EB00508F4A /* ExTensionDemoUITests */ = {
			isa = PBXNativeTarget;
			buildConfigurationList = 2B5C94FC222393EB00508F4A /* Build configuration list for PBXNativeTarget "ExTensionDemoUITests" */;
			buildPhases = (
				2B5C94E9222393EB00508F4A /* Sources */,
				2B5C94EA222393EB00508F4A /* Frameworks */,
				2B5C94EB222393EB00508F4A /* Resources */,
			);
			buildRules = (
			);
			dependencies = (
				2B5C94EF222393EB00508F4A /* PBXTargetDependency */,
			);
			name = ExTensionDemoUITests;
			productName = ExTensionDemoUITests;
			productReference = 2B5C94ED222393EB00508F4A /* ExTensionDemoUITests.xctest */;
			productType = "com.apple.product-type.bundle.ui-testing";
		};
/* End PBXNativeTarget section */

/* Begin PBXProject section */
		2B5C94C2222393E900508F4A /* Project object */ = {
			isa = PBXProject;
			attributes = {
				LastUpgradeCheck = 1010;
				ORGANIZATIONNAME = lyons;
				TargetAttributes = {
					2B5C94C9222393E900508F4A = {
						CreatedOnToolsVersion = 10.1;
						SystemCapabilities = {
							com.apple.ApplicationGroups.iOS = {
								enabled = 1;
							};
						};
					};
					2B5C94E1222393EB00508F4A = {
						CreatedOnToolsVersion = 10.1;
						TestTargetID = 2B5C94C9222393E900508F4A;
					};
					2B5C94EC222393EB00508F4A = {
						CreatedOnToolsVersion = 10.1;
						TestTargetID = 2B5C94C9222393E900508F4A;
					};
				};
			};
			buildConfigurationList = 2B5C94C5222393E900508F4A /* Build configuration list for PBXProject "ExTensionDemo" */;
			compatibilityVersion = "Xcode 9.3";
			developmentRegion = en;
			hasScannedForEncodings = 0;
			knownRegions = (
				en,
				Base,
			);
			mainGroup = 2B5C94C1222393E900508F4A;
			productRefGroup = 2B5C94CB222393E900508F4A /* Products */;
			projectDirPath = "";
			projectRoot = "";
			targets = (
				2B5C94C9222393E900508F4A /* ExTensionDemo */,
				2B5C94E1222393EB00508F4A /* ExTensionDemoTests */,
				2B5C94EC222393EB00508F4A /* ExTensionDemoUITests */,
			);
		};
/* End PBXProject section */

/* Begin PBXResourcesBuildPhase section */
		2B5C94C8222393E900508F4A /* Resources */ = {
			isa = PBXResourcesBuildPhase;
			buildActionMask = 2147483647;
			files = (
				2B5C94DA222393EB00508F4A /* LaunchScreen.storyboard in Resources */,
				2B5C94D7222393EB00508F4A /* Assets.xcassets in Resources */,
				2B5C94D5222393E900508F4A /* Main.storyboard in Resources */,
			);
			runOnlyForDeploymentPostprocessing = 0;
		};
		2B5C94E0222393EB00508F4A /* Resources */ = {
			isa = PBXResourcesBuildPhase;
			buildActionMask = 2147483647;
			files = (
			);
			runOnlyForDeploymentPostprocessing = 0;
		};
		2B5C94EB222393EB00508F4A /* Resources */ = {
			isa = PBXResourcesBuildPhase;
			buildActionMask = 2147483647;
			files = (
			);
			runOnlyForDeploymentPostprocessing = 0;
		};
/* End PBXResourcesBuildPhase section */

/* Begin PBXShellScriptBuildPhase section */
		0DBB07F6C42DFC3D0F3579D1 /* [CP] Check Pods Manifest.lock */ = {
			isa = PBXShellScriptBuildPhase;
			buildActionMask = 2147483647;
			files = (
			);
			inputPaths = (
				"${PODS_PODFILE_DIR_PATH}/Podfile.lock",
				"${PODS_ROOT}/Manifest.lock",
			);
			name = "[CP] Check Pods Manifest.lock";
			outputPaths = (
				"$(DERIVED_FILE_DIR)/Pods-ExTensionDemoTests-checkManifestLockResult.txt",
			);
			runOnlyForDeploymentPostprocessing = 0;
			shellPath = /bin/sh;
			shellScript = "diff \"${PODS_PODFILE_DIR_PATH}/Podfile.lock\" \"${PODS_ROOT}/Manifest.lock\" > /dev/null\nif [ $? != 0 ] ; then\n    # print error to STDERR\n    echo \"error: The sandbox is not in sync with the Podfile.lock. Run 'pod install' or update your CocoaPods installation.\" >&2\n    exit 1\nfi\n# This output is used by Xcode 'outputs' to avoid re-running this script phase.\necho \"SUCCESS\" > \"${SCRIPT_OUTPUT_FILE_0}\"\n";
			showEnvVarsInLog = 0;
		};
		36B0ADB473F730A031373A75 /* [CP] Check Pods Manifest.lock */ = {
			isa = PBXShellScriptBuildPhase;
			buildActionMask = 2147483647;
			files = (
			);
			inputPaths = (
				"${PODS_PODFILE_DIR_PATH}/Podfile.lock",
				"${PODS_ROOT}/Manifest.lock",
			);
			name = "[CP] Check Pods Manifest.lock";
			outputPaths = (
				"$(DERIVED_FILE_DIR)/Pods-ExTensionDemo-checkManifestLockResult.txt",
			);
			runOnlyForDeploymentPostprocessing = 0;
			shellPath = /bin/sh;
			shellScript = "diff \"${PODS_PODFILE_DIR_PATH}/Podfile.lock\" \"${PODS_ROOT}/Manifest.lock\" > /dev/null\nif [ $? != 0 ] ; then\n    # print error to STDERR\n    echo \"error: The sandbox is not in sync with the Podfile.lock. Run 'pod install' or update your CocoaPods installation.\" >&2\n    exit 1\nfi\n# This output is used by Xcode 'outputs' to avoid re-running this script phase.\necho \"SUCCESS\" > \"${SCRIPT_OUTPUT_FILE_0}\"\n";
			showEnvVarsInLog = 0;
		};
/* End PBXShellScriptBuildPhase section */

/* Begin PBXSourcesBuildPhase section */
		2B5C94C6222393E900508F4A /* Sources */ = {
			isa = PBXSourcesBuildPhase;
			buildActionMask = 2147483647;
			files = (
				2B5C95012223B5E700508F4A /* GYFMDBManager.m in Sources */,
				2B5C94DD222393EB00508F4A /* main.m in Sources */,
				2B5C95042223C28800508F4A /* TableViewController.m in Sources */,
				2BB240042223D88B00F0C106 /* GYTodo.m in Sources */,
				2B5C95072223C63400508F4A /* RootNavigationController.m in Sources */,
				2B5C94CF222393E900508F4A /* AppDelegate.m in Sources */,
			);
			runOnlyForDeploymentPostprocessing = 0;
		};
		2B5C94DE222393EB00508F4A /* Sources */ = {
			isa = PBXSourcesBuildPhase;
			buildActionMask = 2147483647;
			files = (
				2B5C94E7222393EB00508F4A /* ExTensionDemoTests.m in Sources */,
			);
			runOnlyForDeploymentPostprocessing = 0;
		};
		2B5C94E9222393EB00508F4A /* Sources */ = {
			isa = PBXSourcesBuildPhase;
			buildActionMask = 2147483647;
			files = (
				2B5C94F2222393EB00508F4A /* ExTensionDemoUITests.m in Sources */,
			);
			runOnlyForDeploymentPostprocessing = 0;
		};
/* End PBXSourcesBuildPhase section */

/* Begin PBXTargetDependency section */
		2B5C94E4222393EB00508F4A /* PBXTargetDependency */ = {
			isa = PBXTargetDependency;
			target = 2B5C94C9222393E900508F4A /* ExTensionDemo */;
			targetProxy = 2B5C94E3222393EB00508F4A /* PBXContainerItemProxy */;
		};
		2B5C94EF222393EB00508F4A /* PBXTargetDependency */ = {
			isa = PBXTargetDependency;
			target = 2B5C94C9222393E900508F4A /* ExTensionDemo */;
			targetProxy = 2B5C94EE222393EB00508F4A /* PBXContainerItemProxy */;
		};
/* End PBXTargetDependency section */

/* Begin PBXVariantGroup section */
		2B5C94D3222393E900508F4A /* Main.storyboard */ = {
			isa = PBXVariantGroup;
			children = (
				2B5C94D4222393E900508F4A /* Base */,
			);
			name = Main.storyboard;
			sourceTree = "<group>";
		};
		2B5C94D8222393EB00508F4A /* LaunchScreen.storyboard */ = {
			isa = PBXVariantGroup;
			children = (
				2B5C94D9222393EB00508F4A /* Base */,
			);
			name = LaunchScreen.storyboard;
			sourceTree = "<group>";
		};
/* End PBXVariantGroup section */

/* Begin XCBuildConfiguration section */
		2B5C94F4222393EB00508F4A /* Debug */ = {
			isa = XCBuildConfiguration;
			buildSettings = {
				ALWAYS_SEARCH_USER_PATHS = NO;
				CLANG_ANALYZER_NONNULL = YES;
				CLANG_ANALYZER_NUMBER_OBJECT_CONVERSION = YES_AGGRESSIVE;
				CLANG_CXX_LANGUAGE_STANDARD = "gnu++14";
				CLANG_CXX_LIBRARY = "libc++";
				CLANG_ENABLE_MODULES = YES;
				CLANG_ENABLE_OBJC_ARC = YES;
				CLANG_ENABLE_OBJC_WEAK = YES;
				CLANG_WARN_BLOCK_CAPTURE_AUTORELEASING = YES;
				CLANG_WARN_BOOL_CONVERSION = YES;
				CLANG_WARN_COMMA = YES;
				CLANG_WARN_CONSTANT_CONVERSION = YES;
				CLANG_WARN_DEPRECATED_OBJC_IMPLEMENTATIONS = YES;
				CLANG_WARN_DIRECT_OBJC_ISA_USAGE = YES_ERROR;
				CLANG_WARN_DOCUMENTATION_COMMENTS = YES;
				CLANG_WARN_EMPTY_BODY = YES;
				CLANG_WARN_ENUM_CONVERSION = YES;
				CLANG_WARN_INFINITE_RECURSION = YES;
				CLANG_WARN_INT_CONVERSION = YES;
				CLANG_WARN_NON_LITERAL_NULL_CONVERSION = YES;
				CLANG_WARN_OBJC_IMPLICIT_RETAIN_SELF = YES;
				CLANG_WARN_OBJC_LITERAL_CONVERSION = YES;
				CLANG_WARN_OBJC_ROOT_CLASS = YES_ERROR;
				CLANG_WARN_RANGE_LOOP_ANALYSIS = YES;
				CLANG_WARN_STRICT_PROTOTYPES = YES;
				CLANG_WARN_SUSPICIOUS_MOVE = YES;
				CLANG_WARN_UNGUARDED_AVAILABILITY = YES_AGGRESSIVE;
				CLANG_WARN_UNREACHABLE_CODE = YES;
				CLANG_WARN__DUPLICATE_METHOD_MATCH = YES;
				CODE_SIGN_IDENTITY = "iPhone Developer";
				COPY_PHASE_STRIP = NO;
				DEBUG_INFORMATION_FORMAT = dwarf;
				ENABLE_STRICT_OBJC_MSGSEND = YES;
				ENABLE_TESTABILITY = YES;
				GCC_C_LANGUAGE_STANDARD = gnu11;
				GCC_DYNAMIC_NO_PIC = NO;
				GCC_NO_COMMON_BLOCKS = YES;
				GCC_OPTIMIZATION_LEVEL = 0;
				GCC_PREPROCESSOR_DEFINITIONS = (
					"DEBUG=1",
					"$(inherited)",
				);
				GCC_WARN_64_TO_32_BIT_CONVERSION = YES;
				GCC_WARN_ABOUT_RETURN_TYPE = YES_ERROR;
				GCC_WARN_UNDECLARED_SELECTOR = YES;
				GCC_WARN_UNINITIALIZED_AUTOS = YES_AGGRESSIVE;
				GCC_WARN_UNUSED_FUNCTION = YES;
				GCC_WARN_UNUSED_VARIABLE = YES;
				IPHONEOS_DEPLOYMENT_TARGET = 12.1;
				MTL_ENABLE_DEBUG_INFO = INCLUDE_SOURCE;
				MTL_FAST_MATH = YES;
				ONLY_ACTIVE_ARCH = YES;
				SDKROOT = iphoneos;
			};
			name = Debug;
		};
		2B5C94F5222393EB00508F4A /* Release */ = {
			isa = XCBuildConfiguration;
			buildSettings = {
				ALWAYS_SEARCH_USER_PATHS = NO;
				CLANG_ANALYZER_NONNULL = YES;
				CLANG_ANALYZER_NUMBER_OBJECT_CONVERSION = YES_AGGRESSIVE;
				CLANG_CXX_LANGUAGE_STANDARD = "gnu++14";
				CLANG_CXX_LIBRARY = "libc++";
				CLANG_ENABLE_MODULES = YES;
				CLANG_ENABLE_OBJC_ARC = YES;
				CLANG_ENABLE_OBJC_WEAK = YES;
				CLANG_WARN_BLOCK_CAPTURE_AUTORELEASING = YES;
				CLANG_WARN_BOOL_CONVERSION = YES;
				CLANG_WARN_COMMA = YES;
				CLANG_WARN_CONSTANT_CONVERSION = YES;
				CLANG_WARN_DEPRECATED_OBJC_IMPLEMENTATIONS = YES;
				CLANG_WARN_DIRECT_OBJC_ISA_USAGE = YES_ERROR;
				CLANG_WARN_DOCUMENTATION_COMMENTS = YES;
				CLANG_WARN_EMPTY_BODY = YES;
				CLANG_WARN_ENUM_CONVERSION = YES;
				CLANG_WARN_INFINITE_RECURSION = YES;
				CLANG_WARN_INT_CONVERSION = YES;
				CLANG_WARN_NON_LITERAL_NULL_CONVERSION = YES;
				CLANG_WARN_OBJC_IMPLICIT_RETAIN_SELF = YES;
				CLANG_WARN_OBJC_LITERAL_CONVERSION = YES;
				CLANG_WARN_OBJC_ROOT_CLASS = YES_ERROR;
				CLANG_WARN_RANGE_LOOP_ANALYSIS = YES;
				CLANG_WARN_STRICT_PROTOTYPES = YES;
				CLANG_WARN_SUSPICIOUS_MOVE = YES;
				CLANG_WARN_UNGUARDED_AVAILABILITY = YES_AGGRESSIVE;
				CLANG_WARN_UNREACHABLE_CODE = YES;
				CLANG_WARN__DUPLICATE_METHOD_MATCH = YES;
				CODE_SIGN_IDENTITY = "iPhone Developer";
				COPY_PHASE_STRIP = NO;
				DEBUG_INFORMATION_FORMAT = "dwarf-with-dsym";
				ENABLE_NS_ASSERTIONS = NO;
				ENABLE_STRICT_OBJC_MSGSEND = YES;
				GCC_C_LANGUAGE_STANDARD = gnu11;
				GCC_NO_COMMON_BLOCKS = YES;
				GCC_WARN_64_TO_32_BIT_CONVERSION = YES;
				GCC_WARN_ABOUT_RETURN_TYPE = YES_ERROR;
				GCC_WARN_UNDECLARED_SELECTOR = YES;
				GCC_WARN_UNINITIALIZED_AUTOS = YES_AGGRESSIVE;
				GCC_WARN_UNUSED_FUNCTION = YES;
				GCC_WARN_UNUSED_VARIABLE = YES;
				IPHONEOS_DEPLOYMENT_TARGET = 12.1;
				MTL_ENABLE_DEBUG_INFO = NO;
				MTL_FAST_MATH = YES;
				SDKROOT = iphoneos;
				VALIDATE_PRODUCT = YES;
			};
			name = Release;
		};
		2B5C94F7222393EB00508F4A /* Debug */ = {
			isa = XCBuildConfiguration;
			baseConfigurationReference = EE7A67E71420CC3B91462976 /* Pods-ExTensionDemo.debug.xcconfig */;
			buildSettings = {
				ASSETCATALOG_COMPILER_APPICON_NAME = AppIcon;
				CODE_SIGN_ENTITLEMENTS = ExTensionDemo/ExTensionDemo.entitlements;
				CODE_SIGN_STYLE = Automatic;
				DEVELOPMENT_TEAM = 79MZ7A623K;
				INFOPLIST_FILE = ExTensionDemo/Info.plist;
				LD_RUNPATH_SEARCH_PATHS = (
					"$(inherited)",
					"@executable_path/Frameworks",
				);
				PRODUCT_BUNDLE_IDENTIFIER = com.lyons.ExTensionDemo;
				PRODUCT_NAME = "$(TARGET_NAME)";
				TARGETED_DEVICE_FAMILY = "1,2";
			};
			name = Debug;
		};
		2B5C94F8222393EB00508F4A /* Release */ = {
			isa = XCBuildConfiguration;
			baseConfigurationReference = 70EE62E3E30AF3A716329137 /* Pods-ExTensionDemo.release.xcconfig */;
			buildSettings = {
				ASSETCATALOG_COMPILER_APPICON_NAME = AppIcon;
				CODE_SIGN_ENTITLEMENTS = ExTensionDemo/ExTensionDemo.entitlements;
				CODE_SIGN_STYLE = Automatic;
				DEVELOPMENT_TEAM = 79MZ7A623K;
				INFOPLIST_FILE = ExTensionDemo/Info.plist;
				LD_RUNPATH_SEARCH_PATHS = (
					"$(inherited)",
					"@executable_path/Frameworks",
				);
				PRODUCT_BUNDLE_IDENTIFIER = com.lyons.ExTensionDemo;
				PRODUCT_NAME = "$(TARGET_NAME)";
				TARGETED_DEVICE_FAMILY = "1,2";
			};
			name = Release;
		};
		2B5C94FA222393EB00508F4A /* Debug */ = {
			isa = XCBuildConfiguration;
			baseConfigurationReference = C0B5EFA5407D4CECA3AF47A9 /* Pods-ExTensionDemoTests.debug.xcconfig */;
			buildSettings = {
				BUNDLE_LOADER = "$(TEST_HOST)";
				CODE_SIGN_STYLE = Automatic;
				DEVELOPMENT_TEAM = 79MZ7A623K;
				INFOPLIST_FILE = ExTensionDemoTests/Info.plist;
				LD_RUNPATH_SEARCH_PATHS = (
					"$(inherited)",
					"@executable_path/Frameworks",
					"@loader_path/Frameworks",
				);
				PRODUCT_BUNDLE_IDENTIFIER = com.lyons.ExTensionDemoTests;
				PRODUCT_NAME = "$(TARGET_NAME)";
				TARGETED_DEVICE_FAMILY = "1,2";
				TEST_HOST = "$(BUILT_PRODUCTS_DIR)/ExTensionDemo.app/ExTensionDemo";
			};
			name = Debug;
		};
		2B5C94FB222393EB00508F4A /* Release */ = {
			isa = XCBuildConfiguration;
			baseConfigurationReference = 7B61F744FAA9A048F66CC694 /* Pods-ExTensionDemoTests.release.xcconfig */;
			buildSettings = {
				BUNDLE_LOADER = "$(TEST_HOST)";
				CODE_SIGN_STYLE = Automatic;
				DEVELOPMENT_TEAM = 79MZ7A623K;
				INFOPLIST_FILE = ExTensionDemoTests/Info.plist;
				LD_RUNPATH_SEARCH_PATHS = (
					"$(inherited)",
					"@executable_path/Frameworks",
					"@loader_path/Frameworks",
				);
				PRODUCT_BUNDLE_IDENTIFIER = com.lyons.ExTensionDemoTests;
				PRODUCT_NAME = "$(TARGET_NAME)";
				TARGETED_DEVICE_FAMILY = "1,2";
				TEST_HOST = "$(BUILT_PRODUCTS_DIR)/ExTensionDemo.app/ExTensionDemo";
			};
			name = Release;
		};
		2B5C94FD222393EB00508F4A /* Debug */ = {
			isa = XCBuildConfiguration;
			buildSettings = {
				CODE_SIGN_STYLE = Automatic;
				DEVELOPMENT_TEAM = 79MZ7A623K;
				INFOPLIST_FILE = ExTensionDemoUITests/Info.plist;
				LD_RUNPATH_SEARCH_PATHS = (
					"$(inherited)",
					"@executable_path/Frameworks",
					"@loader_path/Frameworks",
				);
				PRODUCT_BUNDLE_IDENTIFIER = com.lyons.ExTensionDemoUITests;
				PRODUCT_NAME = "$(TARGET_NAME)";
				TARGETED_DEVICE_FAMILY = "1,2";
				TEST_TARGET_NAME = ExTensionDemo;
			};
			name = Debug;
		};
		2B5C94FE222393EB00508F4A /* Release */ = {
			isa = XCBuildConfiguration;
			buildSettings = {
				CODE_SIGN_STYLE = Automatic;
				DEVELOPMENT_TEAM = 79MZ7A623K;
				INFOPLIST_FILE = ExTensionDemoUITests/Info.plist;
				LD_RUNPATH_SEARCH_PATHS = (
					"$(inherited)",
					"@executable_path/Frameworks",
					"@loader_path/Frameworks",
				);
				PRODUCT_BUNDLE_IDENTIFIER = com.lyons.ExTensionDemoUITests;
				PRODUCT_NAME = "$(TARGET_NAME)";
				TARGETED_DEVICE_FAMILY = "1,2";
				TEST_TARGET_NAME = ExTensionDemo;
			};
			name = Release;
		};
/* End XCBuildConfiguration section */

/* Begin XCConfigurationList section */
		2B5C94C5222393E900508F4A /* Build configuration list for PBXProject "ExTensionDemo" */ = {
			isa = XCConfigurationList;
			buildConfigurations = (
				2B5C94F4222393EB00508F4A /* Debug */,
				2B5C94F5222393EB00508F4A /* Release */,
			);
			defaultConfigurationIsVisible = 0;
			defaultConfigurationName = Release;
		};
		2B5C94F6222393EB00508F4A /* Build configuration list for PBXNativeTarget "ExTensionDemo" */ = {
			isa = XCConfigurationList;
			buildConfigurations = (
				2B5C94F7222393EB00508F4A /* Debug */,
				2B5C94F8222393EB00508F4A /* Release */,
			);
			defaultConfigurationIsVisible = 0;
			defaultConfigurationName = Release;
		};
		2B5C94F9222393EB00508F4A /* Build configuration list for PBXNativeTarget "ExTensionDemoTests" */ = {
			isa = XCConfigurationList;
			buildConfigurations = (
				2B5C94FA222393EB00508F4A /* Debug */,
				2B5C94FB222393EB00508F4A /* Release */,
			);
			defaultConfigurationIsVisible = 0;
			defaultConfigurationName = Release;
		};
		2B5C94FC222393EB00508F4A /* Build configuration list for PBXNativeTarget "ExTensionDemoUITests" */ = {
			isa = XCConfigurationList;
			buildConfigurations = (
				2B5C94FD222393EB00508F4A /* Debug */,
				2B5C94FE222393EB00508F4A /* Release */,
			);
			defaultConfigurationIsVisible = 0;
			defaultConfigurationName = Release;
		};
/* End XCConfigurationList section */
	};
	rootObject = 2B5C94C2222393E900508F4A /* Project object */;
}
